<?xml version="1.0" encoding="utf-8"?>
<Project ToolsVersion="4.0" xmlns="http://schemas.microsoft.com/developer/msbuild/2003">
  <ItemGroup>
    <Filter Include="Исходные файлы">
      <UniqueIdentifier>{4FC737F1-C7A5-4376-A066-2A32D752A2FF}</UniqueIdentifier>
      <Extensions>cpp;c;cc;cxx;c++;cppm;ixx;def;odl;idl;hpj;bat;asm;asmx</Extensions>
    </Filter>
    <Filter Include="Файлы заголовков">
      <UniqueIdentifier>{93995380-89BD-4b04-88EB-625FBE52EBFB}</UniqueIdentifier>
      <Extensions>h;hh;hpp;hxx;h++;hm;inl;inc;ipp;xsd</Extensions>
    </Filter>
    <Filter Include="Файлы ресурсов">
      <UniqueIdentifier>{67DA6AB6-F800-4c08-8B7A-83BB121AAD01}</UniqueIdentifier>
      <Extensions>rc;ico;cur;bmp;dlg;rc2;rct;bin;rgs;gif;jpg;jpeg;jpe;resx;tiff;tif;png;wav;mfcribbon-ms</Extensions>
    </Filter>
    <Filter Include="Исходные файлы\Camera">
      <UniqueIdentifier>{5b834b69-025d-4667-a385-f728c211a6bb}</UniqueIdentifier>
    </Filter>
    <Filter Include="Исходные файлы\_GLOBAL">
      <UniqueIdentifier>{c9c04e5f-55c3-43ec-aa06-11df6bdf8869}</UniqueIdentifier>
    </Filter>
    <Filter Include="Файлы заголовков\_GLOBAL">
      <UniqueIdentifier>{185a69ac-360f-4c17-8698-cb2d40227039}</UniqueIdentifier>
    </Filter>
    <Filter Include="Файлы заголовков\GameObjects">
      <UniqueIdentifier>{66191d23-c144-4cdb-8e60-0ef0f177256a}</UniqueIdentifier>
    </Filter>
    <Filter Include="Исходные файлы\GameObjects">
      <UniqueIdentifier>{425e2afb-1e3a-4082-9cf5-7d6a4f280425}</UniqueIdentifier>
    </Filter>
  </ItemGroup>
  <ItemGroup>
    <ClCompile Include="Source.cpp">
      <Filter>Исходные файлы</Filter>
    </ClCompile>
    <ClCompile Include="GraphicObject.cpp">
      <Filter>Исходные файлы</Filter>
    </ClCompile>
    <ClCompile Include="CameraFixed.cpp">
      <Filter>Исходные файлы\Camera</Filter>
    </ClCompile>
    <ClCompile Include="CameraFree.cpp">
      <Filter>Исходные файлы\Camera</Filter>
    </ClCompile>
    <ClCompile Include="Camera.cpp">
      <Filter>Исходные файлы\Camera</Filter>
    </ClCompile>
    <ClCompile Include="Light.cpp">
      <Filter>Исходные файлы</Filter>
    </ClCompile>
    <ClCompile Include="PhongMaterial.cpp">
      <Filter>Исходные файлы</Filter>
    </ClCompile>
    <ClCompile Include="projectGlobalConst.cpp">
      <Filter>Исходные файлы\_GLOBAL</Filter>
    </ClCompile>
    <ClCompile Include="mesh.cpp">
      <Filter>Исходные файлы</Filter>
    </ClCompile>
    <ClCompile Include="globalFunctions.cpp">
      <Filter>Исходные файлы\_GLOBAL</Filter>
    </ClCompile>
    <ClCompile Include="GameObject.cpp">
      <Filter>Исходные файлы\GameObjects</Filter>
    </ClCompile>
    <ClCompile Include="MobHead.cpp">
      <Filter>Исходные файлы\GameObjects</Filter>
    </ClCompile>
  </ItemGroup>
  <ItemGroup>
    <ClInclude Include="GraphicObject.h">
      <Filter>Файлы заголовков</Filter>
    </ClInclude>
    <ClInclude Include="Camera.h">
      <Filter>Файлы заголовков</Filter>
    </ClInclude>
    <ClInclude Include="Light.h">
      <Filter>Файлы заголовков</Filter>
    </ClInclude>
    <ClInclude Include="PhongMaterial.h">
      <Filter>Файлы заголовков</Filter>
    </ClInclude>
    <ClInclude Include="Mesh.h">
      <Filter>Файлы заголовков</Filter>
    </ClInclude>
    <ClInclude Include="projectGlobalConst.h">
      <Filter>Файлы заголовков\_GLOBAL</Filter>
    </ClInclude>
    <ClInclude Include="globalFunctions.h">
      <Filter>Файлы заголовков\_GLOBAL</Filter>
    </ClInclude>
    <ClInclude Include="additionalFunctions.hpp">
      <Filter>Файлы заголовков\_GLOBAL</Filter>
    </ClInclude>
    <ClInclude Include="GameObject.h">
      <Filter>Файлы заголовков\GameObjects</Filter>
    </ClInclude>
    <ClInclude Include="MobHead.h">
      <Filter>Файлы заголовков\GameObjects</Filter>
    </ClInclude>
  </ItemGroup>
</Project>